// !$*UTF8*$!
{
	archiveVersion = 1;
	classes = {
	};
	objectVersion = 56;
	objects = {

/* Begin PBXBuildFile section */
		B126C1D02C673BDD0019BB23 /* DataView.swift in Sources */ = {isa = PBXBuildFile; fileRef = B126C1CF2C673BDD0019BB23 /* DataView.swift */; };
		B12E3DF42C44F3A800AC4F6C /* ChartView.swift in Sources */ = {isa = PBXBuildFile; fileRef = B12E3DF32C44F3A800AC4F6C /* ChartView.swift */; };
		B13457AE2C413C5A00FF8192 /* AddView.swift in Sources */ = {isa = PBXBuildFile; fileRef = B13457AD2C413C5A00FF8192 /* AddView.swift */; };
		B14E8E9E2C396502002A703D /* ExpenseApp.swift in Sources */ = {isa = PBXBuildFile; fileRef = B14E8E9D2C396502002A703D /* ExpenseApp.swift */; };
		B14E8EA02C396502002A703D /* ContentView.swift in Sources */ = {isa = PBXBuildFile; fileRef = B14E8E9F2C396502002A703D /* ContentView.swift */; };
		B14E8EA22C396502002A703D /* Item.swift in Sources */ = {isa = PBXBuildFile; fileRef = B14E8EA12C396502002A703D /* Item.swift */; };
		B14E8EA42C396505002A703D /* Assets.xcassets in Resources */ = {isa = PBXBuildFile; fileRef = B14E8EA32C396505002A703D /* Assets.xcassets */; };
		B14E8EA72C396505002A703D /* Preview Assets.xcassets in Resources */ = {isa = PBXBuildFile; fileRef = B14E8EA62C396505002A703D /* Preview Assets.xcassets */; };
		B14E8EAE2C39B118002A703D /* ItemInfo.swift in Sources */ = {isa = PBXBuildFile; fileRef = B14E8EAD2C39B118002A703D /* ItemInfo.swift */; };
		B17225782CA44CCA003A733A /* OverView.swift in Sources */ = {isa = PBXBuildFile; fileRef = B17225772CA44CCA003A733A /* OverView.swift */; };
		B18F54B52C46CA2500B1BE96 /* WeekChartView.swift in Sources */ = {isa = PBXBuildFile; fileRef = B18F54B42C46CA2500B1BE96 /* WeekChartView.swift */; };
		B18F54B72C46CB6800B1BE96 /* MonthChartView.swift in Sources */ = {isa = PBXBuildFile; fileRef = B18F54B62C46CB6800B1BE96 /* MonthChartView.swift */; };
		B18F54B92C46CC4D00B1BE96 /* YearChartView.swift in Sources */ = {isa = PBXBuildFile; fileRef = B18F54B82C46CC4D00B1BE96 /* YearChartView.swift */; };
/* End PBXBuildFile section */

/* Begin PBXFileReference section */
		B126C1CF2C673BDD0019BB23 /* DataView.swift */ = {isa = PBXFileReference; lastKnownFileType = sourcecode.swift; path = DataView.swift; sourceTree = "<group>"; };
		B12E3DF32C44F3A800AC4F6C /* ChartView.swift */ = {isa = PBXFileReference; lastKnownFileType = sourcecode.swift; path = ChartView.swift; sourceTree = "<group>"; };
		B13457AD2C413C5A00FF8192 /* AddView.swift */ = {isa = PBXFileReference; lastKnownFileType = sourcecode.swift; path = AddView.swift; sourceTree = "<group>"; };
		B14E8E9A2C396502002A703D /* Expense.app */ = {isa = PBXFileReference; explicitFileType = wrapper.application; includeInIndex = 0; path = Expense.app; sourceTree = BUILT_PRODUCTS_DIR; };
		B14E8E9D2C396502002A703D /* ExpenseApp.swift */ = {isa = PBXFileReference; lastKnownFileType = sourcecode.swift; path = ExpenseApp.swift; sourceTree = "<group>"; };
		B14E8E9F2C396502002A703D /* ContentView.swift */ = {isa = PBXFileReference; lastKnownFileType = sourcecode.swift; path = ContentView.swift; sourceTree = "<group>"; };
		B14E8EA12C396502002A703D /* Item.swift */ = {isa = PBXFileReference; lastKnownFileType = sourcecode.swift; path = Item.swift; sourceTree = "<group>"; };
		B14E8EA32C396505002A703D /* Assets.xcassets */ = {isa = PBXFileReference; lastKnownFileType = folder.assetcatalog; path = Assets.xcassets; sourceTree = "<group>"; };
		B14E8EA62C396505002A703D /* Preview Assets.xcassets */ = {isa = PBXFileReference; lastKnownFileType = folder.assetcatalog; path = "Preview Assets.xcassets"; sourceTree = "<group>"; };
		B14E8EAD2C39B118002A703D /* ItemInfo.swift */ = {isa = PBXFileReference; lastKnownFileType = sourcecode.swift; path = ItemInfo.swift; sourceTree = "<group>"; };
		B17225772CA44CCA003A733A /* OverView.swift */ = {isa = PBXFileReference; lastKnownFileType = sourcecode.swift; path = OverView.swift; sourceTree = "<group>"; };
		B18F54B42C46CA2500B1BE96 /* WeekChartView.swift */ = {isa = PBXFileReference; lastKnownFileType = sourcecode.swift; path = WeekChartView.swift; sourceTree = "<group>"; };
		B18F54B62C46CB6800B1BE96 /* MonthChartView.swift */ = {isa = PBXFileReference; lastKnownFileType = sourcecode.swift; path = MonthChartView.swift; sourceTree = "<group>"; };
		B18F54B82C46CC4D00B1BE96 /* YearChartView.swift */ = {isa = PBXFileReference; lastKnownFileType = sourcecode.swift; path = YearChartView.swift; sourceTree = "<group>"; };
/* End PBXFileReference section */

/* Begin PBXFrameworksBuildPhase section */
		B14E8E972C396502002A703D /* Frameworks */ = {
			isa = PBXFrameworksBuildPhase;
			buildActionMask = 2147483647;
			files = (
			);
			runOnlyForDeploymentPostprocessing = 0;
		};
/* End PBXFrameworksBuildPhase section */

/* Begin PBXGroup section */
		B14E8E912C396502002A703D = {
			isa = PBXGroup;
			children = (
				B14E8E9C2C396502002A703D /* Expense */,
				B14E8E9B2C396502002A703D /* Products */,
			);
			sourceTree = "<group>";
		};
		B14E8E9B2C396502002A703D /* Products */ = {
			isa = PBXGroup;
			children = (
				B14E8E9A2C396502002A703D /* Expense.app */,
			);
			name = Products;
			sourceTree = "<group>";
		};
		B14E8E9C2C396502002A703D /* Expense */ = {
			isa = PBXGroup;
			children = (
				B14E8E9D2C396502002A703D /* ExpenseApp.swift */,
				B14E8E9F2C396502002A703D /* ContentView.swift */,
				B126C1CF2C673BDD0019BB23 /* DataView.swift */,
				B17225772CA44CCA003A733A /* OverView.swift */,
				B12E3DF32C44F3A800AC4F6C /* ChartView.swift */,
				B18F54B62C46CB6800B1BE96 /* MonthChartView.swift */,
				B18F54B82C46CC4D00B1BE96 /* YearChartView.swift */,
				B18F54B42C46CA2500B1BE96 /* WeekChartView.swift */,
				B13457AD2C413C5A00FF8192 /* AddView.swift */,
				B14E8EAD2C39B118002A703D /* ItemInfo.swift */,
				B14E8EA12C396502002A703D /* Item.swift */,
				B14E8EA32C396505002A703D /* Assets.xcassets */,
				B14E8EA52C396505002A703D /* Preview Content */,
			);
			path = Expense;
			sourceTree = "<group>";
		};
		B14E8EA52C396505002A703D /* Preview Content */ = {
			isa = PBXGroup;
			children = (
				B14E8EA62C396505002A703D /* Preview Assets.xcassets */,
			);
			path = "Preview Content";
			sourceTree = "<group>";
		};
/* End PBXGroup section */

/* Begin PBXNativeTarget section */
		B14E8E992C396502002A703D /* Expense */ = {
			isa = PBXNativeTarget;
			buildConfigurationList = B14E8EAA2C396505002A703D /* Build configuration list for PBXNativeTarget "Expense" */;
			buildPhases = (
				B14E8E962C396502002A703D /* Sources */,
				B14E8E972C396502002A703D /* Frameworks */,
				B14E8E982C396502002A703D /* Resources */,
			);
			buildRules = (
			);
			dependencies = (
			);
			name = Expense;
			productName = Expense;
			productReference = B14E8E9A2C396502002A703D /* Expense.app */;
			productType = "com.apple.product-type.application";
		};
/* End PBXNativeTarget section */

/* Begin PBXProject section */
		B14E8E922C396502002A703D /* Project object */ = {
			isa = PBXProject;
			attributes = {
				BuildIndependentTargetsInParallel = 1;
				LastSwiftUpdateCheck = 1540;
				LastUpgradeCheck = 1540;
				TargetAttributes = {
					B14E8E992C396502002A703D = {
						CreatedOnToolsVersion = 15.4;
					};
				};
			};
			buildConfigurationList = B14E8E952C396502002A703D /* Build configuration list for PBXProject "Expense" */;
			compatibilityVersion = "Xcode 14.0";
			developmentRegion = en;
			hasScannedForEncodings = 0;
			knownRegions = (
				en,
				Base,
			);
			mainGroup = B14E8E912C396502002A703D;
			productRefGroup = B14E8E9B2C396502002A703D /* Products */;
			projectDirPath = "";
			projectRoot = "";
			targets = (
				B14E8E992C396502002A703D /* Expense */,
			);
		};
/* End PBXProject section */

/* Begin PBXResourcesBuildPhase section */
		B14E8E982C396502002A703D /* Resources */ = {
			isa = PBXResourcesBuildPhase;
			buildActionMask = 2147483647;
			files = (
				B14E8EA72C396505002A703D /* Preview Assets.xcassets in Resources */,
				B14E8EA42C396505002A703D /* Assets.xcassets in Resources */,
			);
			runOnlyForDeploymentPostprocessing = 0;
		};
/* End PBXResourcesBuildPhase section */

/* Begin PBXSourcesBuildPhase section */
		B14E8E962C396502002A703D /* Sources */ = {
			isa = PBXSourcesBuildPhase;
			buildActionMask = 2147483647;
			files = (
				B18F54B92C46CC4D00B1BE96 /* YearChartView.swift in Sources */,
				B14E8EAE2C39B118002A703D /* ItemInfo.swift in Sources */,
				B126C1D02C673BDD0019BB23 /* DataView.swift in Sources */,
				B18F54B52C46CA2500B1BE96 /* WeekChartView.swift in Sources */,
				B18F54B72C46CB6800B1BE96 /* MonthChartView.swift in Sources */,
				B14E8EA02C396502002A703D /* ContentView.swift in Sources */,
				B13457AE2C413C5A00FF8192 /* AddView.swift in Sources */,
				B14E8EA22C396502002A703D /* Item.swift in Sources */,
				B14E8E9E2C396502002A703D /* ExpenseApp.swift in Sources */,
				B17225782CA44CCA003A733A /* OverView.swift in Sources */,
				B12E3DF42C44F3A800AC4F6C /* ChartView.swift in Sources */,
			);
			runOnlyForDeploymentPostprocessing = 0;
		};
/* End PBXSourcesBuildPhase section */

/* Begin XCBuildConfiguration section */
		B14E8EA82C396505002A703D /* Debug */ = {
			isa = XCBuildConfiguration;
			buildSettings = {
				ALWAYS_SEARCH_USER_PATHS = NO;
				ASSETCATALOG_COMPILER_GENERATE_SWIFT_ASSET_SYMBOL_EXTENSIONS = YES;
				CLANG_ANALYZER_NONNULL = YES;
				CLANG_ANALYZER_NUMBER_OBJECT_CONVERSION = YES_AGGRESSIVE;
				CLANG_CXX_LANGUAGE_STANDARD = "gnu++20";
				CLANG_ENABLE_MODULES = YES;
				CLANG_ENABLE_OBJC_ARC = YES;
				CLANG_ENABLE_OBJC_WEAK = YES;
				CLANG_WARN_BLOCK_CAPTURE_AUTORELEASING = YES;
				CLANG_WARN_BOOL_CONVERSION = YES;
				CLANG_WARN_COMMA = YES;
				CLANG_WARN_CONSTANT_CONVERSION = YES;
				CLANG_WARN_DEPRECATED_OBJC_IMPLEMENTATIONS = YES;
				CLANG_WARN_DIRECT_OBJC_ISA_USAGE = YES_ERROR;
				CLANG_WARN_DOCUMENTATION_COMMENTS = YES;
				CLANG_WARN_EMPTY_BODY = YES;
				CLANG_WARN_ENUM_CONVERSION = YES;
				CLANG_WARN_INFINITE_RECURSION = YES;
				CLANG_WARN_INT_CONVERSION = YES;
				CLANG_WARN_NON_LITERAL_NULL_CONVERSION = YES;
				CLANG_WARN_OBJC_IMPLICIT_RETAIN_SELF = YES;
				CLANG_WARN_OBJC_LITERAL_CONVERSION = YES;
				CLANG_WARN_OBJC_ROOT_CLASS = YES_ERROR;
				CLANG_WARN_QUOTED_INCLUDE_IN_FRAMEWORK_HEADER = YES;
				CLANG_WARN_RANGE_LOOP_ANALYSIS = YES;
				CLANG_WARN_STRICT_PROTOTYPES = YES;
				CLANG_WARN_SUSPICIOUS_MOVE = YES;
				CLANG_WARN_UNGUARDED_AVAILABILITY = YES_AGGRESSIVE;
				CLANG_WARN_UNREACHABLE_CODE = YES;
				CLANG_WARN__DUPLICATE_METHOD_MATCH = YES;
				COPY_PHASE_STRIP = NO;
				DEBUG_INFORMATION_FORMAT = dwarf;
				ENABLE_STRICT_OBJC_MSGSEND = YES;
				ENABLE_TESTABILITY = YES;
				ENABLE_USER_SCRIPT_SANDBOXING = YES;
				GCC_C_LANGUAGE_STANDARD = gnu17;
				GCC_DYNAMIC_NO_PIC = NO;
				GCC_NO_COMMON_BLOCKS = YES;
				GCC_OPTIMIZATION_LEVEL = 0;
				GCC_PREPROCESSOR_DEFINITIONS = (
					"DEBUG=1",
					"$(inherited)",
				);
				GCC_WARN_64_TO_32_BIT_CONVERSION = YES;
				GCC_WARN_ABOUT_RETURN_TYPE = YES_ERROR;
				GCC_WARN_UNDECLARED_SELECTOR = YES;
				GCC_WARN_UNINITIALIZED_AUTOS = YES_AGGRESSIVE;
				GCC_WARN_UNUSED_FUNCTION = YES;
				GCC_WARN_UNUSED_VARIABLE = YES;
				IPHONEOS_DEPLOYMENT_TARGET = 17.5;
				LOCALIZATION_PREFERS_STRING_CATALOGS = YES;
				MTL_ENABLE_DEBUG_INFO = INCLUDE_SOURCE;
				MTL_FAST_MATH = YES;
				ONLY_ACTIVE_ARCH = YES;
				SDKROOT = iphoneos;
				SWIFT_ACTIVE_COMPILATION_CONDITIONS = "DEBUG $(inherited)";
				SWIFT_OPTIMIZATION_LEVEL = "-Onone";
			};
			name = Debug;
		};
		B14E8EA92C396505002A703D /* Release */ = {
			isa = XCBuildConfiguration;
			buildSettings = {
				ALWAYS_SEARCH_USER_PATHS = NO;
				ASSETCATALOG_COMPILER_GENERATE_SWIFT_ASSET_SYMBOL_EXTENSIONS = YES;
				CLANG_ANALYZER_NONNULL = YES;
				CLANG_ANALYZER_NUMBER_OBJECT_CONVERSION = YES_AGGRESSIVE;
				CLANG_CXX_LANGUAGE_STANDARD = "gnu++20";
				CLANG_ENABLE_MODULES = YES;
				CLANG_ENABLE_OBJC_ARC = YES;
				CLANG_ENABLE_OBJC_WEAK = YES;
				CLANG_WARN_BLOCK_CAPTURE_AUTORELEASING = YES;
				CLANG_WARN_BOOL_CONVERSION = YES;
				CLANG_WARN_COMMA = YES;
				CLANG_WARN_CONSTANT_CONVERSION = YES;
				CLANG_WARN_DEPRECATED_OBJC_IMPLEMENTATIONS = YES;
				CLANG_WARN_DIRECT_OBJC_ISA_USAGE = YES_ERROR;
				CLANG_WARN_DOCUMENTATION_COMMENTS = YES;
				CLANG_WARN_EMPTY_BODY = YES;
				CLANG_WARN_ENUM_CONVERSION = YES;
				CLANG_WARN_INFINITE_RECURSION = YES;
				CLANG_WARN_INT_CONVERSION = YES;
				CLANG_WARN_NON_LITERAL_NULL_CONVERSION = YES;
				CLANG_WARN_OBJC_IMPLICIT_RETAIN_SELF = YES;
				CLANG_WARN_OBJC_LITERAL_CONVERSION = YES;
				CLANG_WARN_OBJC_ROOT_CLASS = YES_ERROR;
				CLANG_WARN_QUOTED_INCLUDE_IN_FRAMEWORK_HEADER = YES;
				CLANG_WARN_RANGE_LOOP_ANALYSIS = YES;
				CLANG_WARN_STRICT_PROTOTYPES = YES;
				CLANG_WARN_SUSPICIOUS_MOVE = YES;
				CLANG_WARN_UNGUARDED_AVAILABILITY = YES_AGGRESSIVE;
				CLANG_WARN_UNREACHABLE_CODE = YES;
				CLANG_WARN__DUPLICATE_METHOD_MATCH = YES;
				COPY_PHASE_STRIP = NO;
				DEBUG_INFORMATION_FORMAT = "dwarf-with-dsym";
				ENABLE_NS_ASSERTIONS = NO;
				ENABLE_STRICT_OBJC_MSGSEND = YES;
				ENABLE_USER_SCRIPT_SANDBOXING = YES;
				GCC_C_LANGUAGE_STANDARD = gnu17;
				GCC_NO_COMMON_BLOCKS = YES;
				GCC_WARN_64_TO_32_BIT_CONVERSION = YES;
				GCC_WARN_ABOUT_RETURN_TYPE = YES_ERROR;
				GCC_WARN_UNDECLARED_SELECTOR = YES;
				GCC_WARN_UNINITIALIZED_AUTOS = YES_AGGRESSIVE;
				GCC_WARN_UNUSED_FUNCTION = YES;
				GCC_WARN_UNUSED_VARIABLE = YES;
				IPHONEOS_DEPLOYMENT_TARGET = 17.5;
				LOCALIZATION_PREFERS_STRING_CATALOGS = YES;
				MTL_ENABLE_DEBUG_INFO = NO;
				MTL_FAST_MATH = YES;
				SDKROOT = iphoneos;
				SWIFT_COMPILATION_MODE = wholemodule;
				VALIDATE_PRODUCT = YES;
			};
			name = Release;
		};
		B14E8EAB2C396505002A703D /* Debug */ = {
			isa = XCBuildConfiguration;
			buildSettings = {
				ASSETCATALOG_COMPILER_APPICON_NAME = AppIcon;
				ASSETCATALOG_COMPILER_GLOBAL_ACCENT_COLOR_NAME = AccentColor;
				CODE_SIGN_STYLE = Automatic;
				CURRENT_PROJECT_VERSION = 1;
				DEVELOPMENT_ASSET_PATHS = "\"Expense/Preview Content\"";
				DEVELOPMENT_TEAM = 99327TCA93;
				ENABLE_PREVIEWS = YES;
				GENERATE_INFOPLIST_FILE = YES;
				INFOPLIST_KEY_UIApplicationSceneManifest_Generation = YES;
				INFOPLIST_KEY_UIApplicationSupportsIndirectInputEvents = YES;
				INFOPLIST_KEY_UILaunchScreen_Generation = YES;
				INFOPLIST_KEY_UISupportedInterfaceOrientations_iPad = "UIInterfaceOrientationPortrait UIInterfaceOrientationPortraitUpsideDown UIInterfaceOrientationLandscapeLeft UIInterfaceOrientationLandscapeRight";
				INFOPLIST_KEY_UISupportedInterfaceOrientations_iPhone = "UIInterfaceOrientationPortrait UIInterfaceOrientationLandscapeLeft UIInterfaceOrientationLandscapeRight";
				LD_RUNPATH_SEARCH_PATHS = (
					"$(inherited)",
					"@executable_path/Frameworks",
				);
				MARKETING_VERSION = 1.0;
				PRODUCT_BUNDLE_IDENTIFIER = com.agarwalHarshit.Expense;
				PRODUCT_NAME = "$(TARGET_NAME)";
				SWIFT_EMIT_LOC_STRINGS = YES;
				SWIFT_VERSION = 5.0;
				TARGETED_DEVICE_FAMILY = "1,2";
			};
			name = Debug;
		};
		B14E8EAC2C396505002A703D /* Release */ = {
			isa = XCBuildConfiguration;
			buildSettings = {
				ASSETCATALOG_COMPILER_APPICON_NAME = AppIcon;
				ASSETCATALOG_COMPILER_GLOBAL_ACCENT_COLOR_NAME = AccentColor;
				CODE_SIGN_STYLE = Automatic;
				CURRENT_PROJECT_VERSION = 1;
				DEVELOPMENT_ASSET_PATHS = "\"Expense/Preview Content\"";
				DEVELOPMENT_TEAM = 99327TCA93;
				ENABLE_PREVIEWS = YES;
				GENERATE_INFOPLIST_FILE = YES;
				INFOPLIST_KEY_UIApplicationSceneManifest_Generation = YES;
				INFOPLIST_KEY_UIApplicationSupportsIndirectInputEvents = YES;
				INFOPLIST_KEY_UILaunchScreen_Generation = YES;
				INFOPLIST_KEY_UISupportedInterfaceOrientations_iPad = "UIInterfaceOrientationPortrait UIInterfaceOrientationPortraitUpsideDown UIInterfaceOrientationLandscapeLeft UIInterfaceOrientationLandscapeRight";
				INFOPLIST_KEY_UISupportedInterfaceOrientations_iPhone = "UIInterfaceOrientationPortrait UIInterfaceOrientationLandscapeLeft UIInterfaceOrientationLandscapeRight";
				LD_RUNPATH_SEARCH_PATHS = (
					"$(inherited)",
					"@executable_path/Frameworks",
				);
				MARKETING_VERSION = 1.0;
				PRODUCT_BUNDLE_IDENTIFIER = com.agarwalHarshit.Expense;
				PRODUCT_NAME = "$(TARGET_NAME)";
				SWIFT_EMIT_LOC_STRINGS = YES;
				SWIFT_VERSION = 5.0;
				TARGETED_DEVICE_FAMILY = "1,2";
			};
			name = Release;
		};
/* End XCBuildConfiguration section */

/* Begin XCConfigurationList section */
		B14E8E952C396502002A703D /* Build configuration list for PBXProject "Expense" */ = {
			isa = XCConfigurationList;
			buildConfigurations = (
				B14E8EA82C396505002A703D /* Debug */,
				B14E8EA92C396505002A703D /* Release */,
			);
			defaultConfigurationIsVisible = 0;
			defaultConfigurationName = Release;
		};
		B14E8EAA2C396505002A703D /* Build configuration list for PBXNativeTarget "Expense" */ = {
			isa = XCConfigurationList;
			buildConfigurations = (
				B14E8EAB2C396505002A703D /* Debug */,
				B14E8EAC2C396505002A703D /* Release */,
			);
			defaultConfigurationIsVisible = 0;
			defaultConfigurationName = Release;
		};
/* End XCConfigurationList section */
	};
	rootObject = B14E8E922C396502002A703D /* Project object */;
}
